
Microsoft Visual Studio Solution File, Format Version 12.00
# Visual Studio Version 16
VisualStudioVersion = 16.0.29009.5
MinimumVisualStudioVersion = 10.0.40219.1
Project("{8BC9CEB8-8B4A-11D0-8D11-00A0C91BC942}") = "WinAPI1", "WinAPI1\WinAPI1.vcxproj", "{DB72B2E3-0553-408C-9D12-E4B3A281DC12}"
EndProject
Project("{8BC9CEB8-8B4A-11D0-8D11-00A0C91BC942}") = "WinApi2", "WinApi2\WinApi2.vcxproj", "{6A75D916-8E5C-4E5E-986E-3477E4AA8EAE}"
EndProject
Project("{8BC9CEB8-8B4A-11D0-8D11-00A0C91BC942}") = "WinAPI4", "WinAPI4\WinAPI4.vcxproj", "{336B5027-B1B0-48C0-B501-FA1EF5B126B2}"
EndProject
Project("{8BC9CEB8-8B4A-11D0-8D11-00A0C91BC942}") = "Dll1", "Dll1\Dll1.vcxproj", "{EC900A90-E107-4AB5-834A-8560EAD359BC}"
EndProject
Project("{8BC9CEB8-8B4A-11D0-8D11-00A0C91BC942}") = "TEST", "TEST\TEST.vcxproj", "{DA579932-926B-45AB-AD8F-709310C1B82F}"
EndProject
Project("{8BC9CEB8-8B4A-11D0-8D11-00A0C91BC942}") = "Dll2", "Dll2\Dll2.vcxproj", "{7742AF17-85AB-4274-8380-D6F8397B506F}"
EndProject
Project("{8BC9CEB8-8B4A-11D0-8D11-00A0C91BC942}") = "7", "7\7.vcxproj", "{30EC4971-EFE2-405A-BAF2-037910C6C6A4}"
EndProject
Project("{8BC9CEB8-8B4A-11D0-8D11-00A0C91BC942}") = "6.1", "6.1\6.1.vcxproj", "{685EF2BF-A231-4FD4-BFB3-B90B0D165044}"
EndProject
Project("{8BC9CEB8-8B4A-11D0-8D11-00A0C91BC942}") = "TEST2", "TEST2\TEST2.vcxproj", "{E1A2829D-5FB8-410A-9DD7-C21E5971D0F2}"
EndProject
Project("{8BC9CEB8-8B4A-11D0-8D11-00A0C91BC942}") = "6.2", "6.2\6.2.vcxproj", "{3B3AA4B1-3D9F-484E-854D-74B6F10A32EF}"
EndProject
Project("{8BC9CEB8-8B4A-11D0-8D11-00A0C91BC942}") = "5.1", "5.1\5.1.vcxproj", "{F2A67E64-17AB-49B2-8CD5-2802FA42BF71}"
EndProject
Project("{8BC9CEB8-8B4A-11D0-8D11-00A0C91BC942}") = "5.2", "5.2\5.2.vcxproj", "{553BDFFE-1C4C-49AB-81C3-1F201C827BBD}"
EndProject
Global
	GlobalSection(SolutionConfigurationPlatforms) = preSolution
		Debug|x64 = Debug|x64
		Debug|x86 = Debug|x86
		Release|x64 = Release|x64
		Release|x86 = Release|x86
	EndGlobalSection
	GlobalSection(ProjectConfigurationPlatforms) = postSolution
		{DB72B2E3-0553-408C-9D12-E4B3A281DC12}.Debug|x64.ActiveCfg = Debug|x64
		{DB72B2E3-0553-408C-9D12-E4B3A281DC12}.Debug|x64.Build.0 = Debug|x64
		{DB72B2E3-0553-408C-9D12-E4B3A281DC12}.Debug|x86.ActiveCfg = Debug|Win32
		{DB72B2E3-0553-408C-9D12-E4B3A281DC12}.Debug|x86.Build.0 = Debug|Win32
		{DB72B2E3-0553-408C-9D12-E4B3A281DC12}.Release|x64.ActiveCfg = Release|x64
		{DB72B2E3-0553-408C-9D12-E4B3A281DC12}.Release|x64.Build.0 = Release|x64
		{DB72B2E3-0553-408C-9D12-E4B3A281DC12}.Release|x86.ActiveCfg = Release|Win32
		{DB72B2E3-0553-408C-9D12-E4B3A281DC12}.Release|x86.Build.0 = Release|Win32
		{6A75D916-8E5C-4E5E-986E-3477E4AA8EAE}.Debug|x64.ActiveCfg = Debug|x64
		{6A75D916-8E5C-4E5E-986E-3477E4AA8EAE}.Debug|x64.Build.0 = Debug|x64
		{6A75D916-8E5C-4E5E-986E-3477E4AA8EAE}.Debug|x86.ActiveCfg = Debug|Win32
		{6A75D916-8E5C-4E5E-986E-3477E4AA8EAE}.Debug|x86.Build.0 = Debug|Win32
		{6A75D916-8E5C-4E5E-986E-3477E4AA8EAE}.Release|x64.ActiveCfg = Release|x64
		{6A75D916-8E5C-4E5E-986E-3477E4AA8EAE}.Release|x64.Build.0 = Release|x64
		{6A75D916-8E5C-4E5E-986E-3477E4AA8EAE}.Release|x86.ActiveCfg = Release|Win32
		{6A75D916-8E5C-4E5E-986E-3477E4AA8EAE}.Release|x86.Build.0 = Release|Win32
		{336B5027-B1B0-48C0-B501-FA1EF5B126B2}.Debug|x64.ActiveCfg = Debug|x64
		{336B5027-B1B0-48C0-B501-FA1EF5B126B2}.Debug|x64.Build.0 = Debug|x64
		{336B5027-B1B0-48C0-B501-FA1EF5B126B2}.Debug|x86.ActiveCfg = Debug|Win32
		{336B5027-B1B0-48C0-B501-FA1EF5B126B2}.Debug|x86.Build.0 = Debug|Win32
		{336B5027-B1B0-48C0-B501-FA1EF5B126B2}.Release|x64.ActiveCfg = Release|x64
		{336B5027-B1B0-48C0-B501-FA1EF5B126B2}.Release|x64.Build.0 = Release|x64
		{336B5027-B1B0-48C0-B501-FA1EF5B126B2}.Release|x86.ActiveCfg = Release|Win32
		{336B5027-B1B0-48C0-B501-FA1EF5B126B2}.Release|x86.Build.0 = Release|Win32
		{EC900A90-E107-4AB5-834A-8560EAD359BC}.Debug|x64.ActiveCfg = Debug|x64
		{EC900A90-E107-4AB5-834A-8560EAD359BC}.Debug|x64.Build.0 = Debug|x64
		{EC900A90-E107-4AB5-834A-8560EAD359BC}.Debug|x86.ActiveCfg = Debug|Win32
		{EC900A90-E107-4AB5-834A-8560EAD359BC}.Debug|x86.Build.0 = Debug|Win32
		{EC900A90-E107-4AB5-834A-8560EAD359BC}.Release|x64.ActiveCfg = Release|x64
		{EC900A90-E107-4AB5-834A-8560EAD359BC}.Release|x64.Build.0 = Release|x64
		{EC900A90-E107-4AB5-834A-8560EAD359BC}.Release|x86.ActiveCfg = Release|Win32
		{EC900A90-E107-4AB5-834A-8560EAD359BC}.Release|x86.Build.0 = Release|Win32
		{DA579932-926B-45AB-AD8F-709310C1B82F}.Debug|x64.ActiveCfg = Debug|x64
		{DA579932-926B-45AB-AD8F-709310C1B82F}.Debug|x64.Build.0 = Debug|x64
		{DA579932-926B-45AB-AD8F-709310C1B82F}.Debug|x86.ActiveCfg = Debug|Win32
		{DA579932-926B-45AB-AD8F-709310C1B82F}.Debug|x86.Build.0 = Debug|Win32
		{DA579932-926B-45AB-AD8F-709310C1B82F}.Release|x64.ActiveCfg = Release|x64
		{DA579932-926B-45AB-AD8F-709310C1B82F}.Release|x64.Build.0 = Release|x64
		{DA579932-926B-45AB-AD8F-709310C1B82F}.Release|x86.ActiveCfg = Release|Win32
		{DA579932-926B-45AB-AD8F-709310C1B82F}.Release|x86.Build.0 = Release|Win32
		{7742AF17-85AB-4274-8380-D6F8397B506F}.Debug|x64.ActiveCfg = Debug|x64
		{7742AF17-85AB-4274-8380-D6F8397B506F}.Debug|x64.Build.0 = Debug|x64
		{7742AF17-85AB-4274-8380-D6F8397B506F}.Debug|x86.ActiveCfg = Debug|Win32
		{7742AF17-85AB-4274-8380-D6F8397B506F}.Debug|x86.Build.0 = Debug|Win32
		{7742AF17-85AB-4274-8380-D6F8397B506F}.Release|x64.ActiveCfg = Release|x64
		{7742AF17-85AB-4274-8380-D6F8397B506F}.Release|x64.Build.0 = Release|x64
		{7742AF17-85AB-4274-8380-D6F8397B506F}.Release|x86.ActiveCfg = Release|Win32
		{7742AF17-85AB-4274-8380-D6F8397B506F}.Release|x86.Build.0 = Release|Win32
		{30EC4971-EFE2-405A-BAF2-037910C6C6A4}.Debug|x64.ActiveCfg = Debug|x64
		{30EC4971-EFE2-405A-BAF2-037910C6C6A4}.Debug|x64.Build.0 = Debug|x64
		{30EC4971-EFE2-405A-BAF2-037910C6C6A4}.Debug|x86.ActiveCfg = Debug|Win32
		{30EC4971-EFE2-405A-BAF2-037910C6C6A4}.Debug|x86.Build.0 = Debug|Win32
		{30EC4971-EFE2-405A-BAF2-037910C6C6A4}.Release|x64.ActiveCfg = Release|x64
		{30EC4971-EFE2-405A-BAF2-037910C6C6A4}.Release|x64.Build.0 = Release|x64
		{30EC4971-EFE2-405A-BAF2-037910C6C6A4}.Release|x86.ActiveCfg = Release|Win32
		{30EC4971-EFE2-405A-BAF2-037910C6C6A4}.Release|x86.Build.0 = Release|Win32
		{685EF2BF-A231-4FD4-BFB3-B90B0D165044}.Debug|x64.ActiveCfg = Debug|x64
		{685EF2BF-A231-4FD4-BFB3-B90B0D165044}.Debug|x64.Build.0 = Debug|x64
		{685EF2BF-A231-4FD4-BFB3-B90B0D165044}.Debug|x86.ActiveCfg = Debug|Win32
		{685EF2BF-A231-4FD4-BFB3-B90B0D165044}.Debug|x86.Build.0 = Debug|Win32
		{685EF2BF-A231-4FD4-BFB3-B90B0D165044}.Release|x64.ActiveCfg = Release|x64
		{685EF2BF-A231-4FD4-BFB3-B90B0D165044}.Release|x64.Build.0 = Release|x64
		{685EF2BF-A231-4FD4-BFB3-B90B0D165044}.Release|x86.ActiveCfg = Release|Win32
		{685EF2BF-A231-4FD4-BFB3-B90B0D165044}.Release|x86.Build.0 = Release|Win32
		{E1A2829D-5FB8-410A-9DD7-C21E5971D0F2}.Debug|x64.ActiveCfg = Debug|x64
		{E1A2829D-5FB8-410A-9DD7-C21E5971D0F2}.Debug|x64.Build.0 = Debug|x64
		{E1A2829D-5FB8-410A-9DD7-C21E5971D0F2}.Debug|x86.ActiveCfg = Debug|Win32
		{E1A2829D-5FB8-410A-9DD7-C21E5971D0F2}.Debug|x86.Build.0 = Debug|Win32
		{E1A2829D-5FB8-410A-9DD7-C21E5971D0F2}.Release|x64.ActiveCfg = Release|x64
		{E1A2829D-5FB8-410A-9DD7-C21E5971D0F2}.Release|x64.Build.0 = Release|x64
		{E1A2829D-5FB8-410A-9DD7-C21E5971D0F2}.Release|x86.ActiveCfg = Release|Win32
		{E1A2829D-5FB8-410A-9DD7-C21E5971D0F2}.Release|x86.Build.0 = Release|Win32
		{3B3AA4B1-3D9F-484E-854D-74B6F10A32EF}.Debug|x64.ActiveCfg = Debug|x64
		{3B3AA4B1-3D9F-484E-854D-74B6F10A32EF}.Debug|x64.Build.0 = Debug|x64
		{3B3AA4B1-3D9F-484E-854D-74B6F10A32EF}.Debug|x86.ActiveCfg = Debug|Win32
		{3B3AA4B1-3D9F-484E-854D-74B6F10A32EF}.Debug|x86.Build.0 = Debug|Win32
		{3B3AA4B1-3D9F-484E-854D-74B6F10A32EF}.Release|x64.ActiveCfg = Release|x64
		{3B3AA4B1-3D9F-484E-854D-74B6F10A32EF}.Release|x64.Build.0 = Release|x64
		{3B3AA4B1-3D9F-484E-854D-74B6F10A32EF}.Release|x86.ActiveCfg = Release|Win32
		{3B3AA4B1-3D9F-484E-854D-74B6F10A32EF}.Release|x86.Build.0 = Release|Win32
		{F2A67E64-17AB-49B2-8CD5-2802FA42BF71}.Debug|x64.ActiveCfg = Debug|x64
		{F2A67E64-17AB-49B2-8CD5-2802FA42BF71}.Debug|x64.Build.0 = Debug|x64
		{F2A67E64-17AB-49B2-8CD5-2802FA42BF71}.Debug|x86.ActiveCfg = Debug|Win32
		{F2A67E64-17AB-49B2-8CD5-2802FA42BF71}.Debug|x86.Build.0 = Debug|Win32
		{F2A67E64-17AB-49B2-8CD5-2802FA42BF71}.Release|x64.ActiveCfg = Release|x64
		{F2A67E64-17AB-49B2-8CD5-2802FA42BF71}.Release|x64.Build.0 = Release|x64
		{F2A67E64-17AB-49B2-8CD5-2802FA42BF71}.Release|x86.ActiveCfg = Release|Win32
		{F2A67E64-17AB-49B2-8CD5-2802FA42BF71}.Release|x86.Build.0 = Release|Win32
		{553BDFFE-1C4C-49AB-81C3-1F201C827BBD}.Debug|x64.ActiveCfg = Debug|x64
		{553BDFFE-1C4C-49AB-81C3-1F201C827BBD}.Debug|x64.Build.0 = Debug|x64
		{553BDFFE-1C4C-49AB-81C3-1F201C827BBD}.Debug|x86.ActiveCfg = Debug|Win32
		{553BDFFE-1C4C-49AB-81C3-1F201C827BBD}.Debug|x86.Build.0 = Debug|Win32
		{553BDFFE-1C4C-49AB-81C3-1F201C827BBD}.Release|x64.ActiveCfg = Release|x64
		{553BDFFE-1C4C-49AB-81C3-1F201C827BBD}.Release|x64.Build.0 = Release|x64
		{553BDFFE-1C4C-49AB-81C3-1F201C827BBD}.Release|x86.ActiveCfg = Release|Win32
		{553BDFFE-1C4C-49AB-81C3-1F201C827BBD}.Release|x86.Build.0 = Release|Win32
	EndGlobalSection
	GlobalSection(SolutionProperties) = preSolution
		HideSolutionNode = FALSE
	EndGlobalSection
	GlobalSection(ExtensibilityGlobals) = postSolution
		SolutionGuid = {074DE9CC-6E17-48FC-86C0-B3E649BD9735}
	EndGlobalSection
EndGlobal
